
Microsoft Visual Studio Solution File, Format Version 12.00
# Visual Studio Version 17
VisualStudioVersion = 17.9.34728.123
MinimumVisualStudioVersion = 10.0.40219.1
Project("{FAE04EC0-301F-11D3-BF4B-00C04F79EFBC}") = "CalendarAPI", "CalendarAPI.csproj", "{D2B88AF4-4BD1-4F43-806A-5B23AE9A3989}"
EndProject
Global
	GlobalSection(SolutionConfigurationPlatforms) = preSolution
		Debug|Any CPU = Debug|Any CPU
		Release|Any CPU = Release|Any CPU
	EndGlobalSection
	GlobalSection(ProjectConfigurationPlatforms) = postSolution
		{D2B88AF4-4BD1-4F43-806A-5B23AE9A3989}.Debug|Any CPU.ActiveCfg = Debug|Any CPU
		{D2B88AF4-4BD1-4F43-806A-5B23AE9A3989}.Debug|Any CPU.Build.0 = Debug|Any CPU
		{D2B88AF4-4BD1-4F43-806A-5B23AE9A3989}.Release|Any CPU.ActiveCfg = Release|Any CPU
		{D2B88AF4-4BD1-4F43-806A-5B23AE9A3989}.Release|Any CPU.Build.0 = Release|Any CPU
	EndGlobalSection
	GlobalSection(SolutionProperties) = preSolution
		HideSolutionNode = FALSE
	EndGlobalSection
	GlobalSection(ExtensibilityGlobals) = postSolution
		SolutionGuid = {2EE9F16B-C87B-43E5-99DC-C5797B5013AA}
	EndGlobalSection
EndGlobal
